// !$*UTF8*$!
{
	archiveVersion = 1;
	classes = {
	};
	objectVersion = 77;
	objects = {

/* Begin PBXContainerItemProxy section */
		3E6F14F52E3F84890048C7B0 /* PBXContainerItemProxy */ = {
			isa = PBXContainerItemProxy;
			containerPortal = 3E6F14DF2E3F84860048C7B0 /* Project object */;
			proxyType = 1;
			remoteGlobalIDString = 3E6F14E62E3F84860048C7B0;
			remoteInfo = QuickRemind;
		};
		3E6F14FF2E3F84890048C7B0 /* PBXContainerItemProxy */ = {
			isa = PBXContainerItemProxy;
			containerPortal = 3E6F14DF2E3F84860048C7B0 /* Project object */;
			proxyType = 1;
			remoteGlobalIDString = 3E6F14E62E3F84860048C7B0;
			remoteInfo = QuickRemind;
		};
/* End PBXContainerItemProxy section */

/* Begin PBXFileReference section */
		3E0E652E2E45EB49001103C4 /* Config.xcconfig.example */ = {isa = PBXFileReference; lastKnownFileType = text; path = Config.xcconfig.example; sourceTree = "<group>"; };
		3E6F14E72E3F84860048C7B0 /* QuickRemind.app */ = {isa = PBXFileReference; explicitFileType = wrapper.application; includeInIndex = 0; path = QuickRemind.app; sourceTree = BUILT_PRODUCTS_DIR; };
		3E6F14F42E3F84890048C7B0 /* QuickRemindTests.xctest */ = {isa = PBXFileReference; explicitFileType = wrapper.cfbundle; includeInIndex = 0; path = QuickRemindTests.xctest; sourceTree = BUILT_PRODUCTS_DIR; };
		3E6F14FE2E3F84890048C7B0 /* QuickRemindUITests.xctest */ = {isa = PBXFileReference; explicitFileType = wrapper.cfbundle; includeInIndex = 0; path = QuickRemindUITests.xctest; sourceTree = BUILT_PRODUCTS_DIR; };
		3E6F159E2E45E2CA0048C7B0 /* Config.xcconfig */ = {isa = PBXFileReference; lastKnownFileType = text.xcconfig; path = Config.xcconfig; sourceTree = "<group>"; };
/* End PBXFileReference section */

/* Begin PBXFileSystemSynchronizedBuildFileExceptionSet section */
		3E768AFE2E66D609004B8872 /* Exceptions for "QuickRemind" folder in "QuickRemind" target */ = {
			isa = PBXFileSystemSynchronizedBuildFileExceptionSet;
			membershipExceptions = (
				Info.plist,
			);
			target = 3E6F14E62E3F84860048C7B0 /* QuickRemind */;
		};
/* End PBXFileSystemSynchronizedBuildFileExceptionSet section */

/* Begin PBXFileSystemSynchronizedRootGroup section */
		3E6F14E92E3F84860048C7B0 /* QuickRemind */ = {
			isa = PBXFileSystemSynchronizedRootGroup;
			exceptions = (
				3E768AFE2E66D609004B8872 /* Exceptions for "QuickRemind" folder in "QuickRemind" target */,
			);
			path = QuickRemind;
			sourceTree = "<group>";
		};
		3E6F14F72E3F84890048C7B0 /* QuickRemindTests */ = {
			isa = PBXFileSystemSynchronizedRootGroup;
			path = QuickRemindTests;
			sourceTree = "<group>";
		};
		3E6F15012E3F84890048C7B0 /* QuickRemindUITests */ = {
			isa = PBXFileSystemSynchronizedRootGroup;
			path = QuickRemindUITests;
			sourceTree = "<group>";
		};
/* End PBXFileSystemSynchronizedRootGroup section */

/* Begin PBXFrameworksBuildPhase section */
		3E6F14E42E3F84860048C7B0 /* Frameworks */ = {
			isa = PBXFrameworksBuildPhase;
			buildActionMask = 2147483647;
			files = (
			);
			runOnlyForDeploymentPostprocessing = 0;
		};
		3E6F14F12E3F84890048C7B0 /* Frameworks */ = {
			isa = PBXFrameworksBuildPhase;
			buildActionMask = 2147483647;
			files = (
			);
			runOnlyForDeploymentPostprocessing = 0;
		};
		3E6F14FB2E3F84890048C7B0 /* Frameworks */ = {
			isa = PBXFrameworksBuildPhase;
			buildActionMask = 2147483647;
			files = (
			);
			runOnlyForDeploymentPostprocessing = 0;
		};
/* End PBXFrameworksBuildPhase section */

/* Begin PBXGroup section */
		3E6F14DE2E3F84860048C7B0 = {
			isa = PBXGroup;
			children = (
				3E0E652E2E45EB49001103C4 /* Config.xcconfig.example */,
				3E6F159E2E45E2CA0048C7B0 /* Config.xcconfig */,
				3E6F14E92E3F84860048C7B0 /* QuickRemind */,
				3E6F14F72E3F84890048C7B0 /* QuickRemindTests */,
				3E6F15012E3F84890048C7B0 /* QuickRemindUITests */,
				3E6F14E82E3F84860048C7B0 /* Products */,
			);
			sourceTree = "<group>";
		};
		3E6F14E82E3F84860048C7B0 /* Products */ = {
			isa = PBXGroup;
			children = (
				3E6F14E72E3F84860048C7B0 /* QuickRemind.app */,
				3E6F14F42E3F84890048C7B0 /* QuickRemindTests.xctest */,
				3E6F14FE2E3F84890048C7B0 /* QuickRemindUITests.xctest */,
			);
			name = Products;
			sourceTree = "<group>";
		};
/* End PBXGroup section */

/* Begin PBXNativeTarget section */
		3E6F14E62E3F84860048C7B0 /* QuickRemind */ = {
			isa = PBXNativeTarget;
			buildConfigurationList = 3E6F15082E3F84890048C7B0 /* Build configuration list for PBXNativeTarget "QuickRemind" */;
			buildPhases = (
				3E6F14E32E3F84860048C7B0 /* Sources */,
				3E6F14E42E3F84860048C7B0 /* Frameworks */,
				3E6F14E52E3F84860048C7B0 /* Resources */,
			);
			buildRules = (
			);
			dependencies = (
			);
			fileSystemSynchronizedGroups = (
				3E6F14E92E3F84860048C7B0 /* QuickRemind */,
			);
			name = QuickRemind;
			packageProductDependencies = (
			);
			productName = QuickRemind;
			productReference = 3E6F14E72E3F84860048C7B0 /* QuickRemind.app */;
			productType = "com.apple.product-type.application";
		};
		3E6F14F32E3F84890048C7B0 /* QuickRemindTests */ = {
			isa = PBXNativeTarget;
			buildConfigurationList = 3E6F150B2E3F84890048C7B0 /* Build configuration list for PBXNativeTarget "QuickRemindTests" */;
			buildPhases = (
				3E6F14F02E3F84890048C7B0 /* Sources */,
				3E6F14F12E3F84890048C7B0 /* Frameworks */,
				3E6F14F22E3F84890048C7B0 /* Resources */,
			);
			buildRules = (
			);
			dependencies = (
				3E6F14F62E3F84890048C7B0 /* PBXTargetDependency */,
			);
			fileSystemSynchronizedGroups = (
				3E6F14F72E3F84890048C7B0 /* QuickRemindTests */,
			);
			name = QuickRemindTests;
			packageProductDependencies = (
			);
			productName = QuickRemindTests;
			productReference = 3E6F14F42E3F84890048C7B0 /* QuickRemindTests.xctest */;
			productType = "com.apple.product-type.bundle.unit-test";
		};
		3E6F14FD2E3F84890048C7B0 /* QuickRemindUITests */ = {
			isa = PBXNativeTarget;
			buildConfigurationList = 3E6F150E2E3F84890048C7B0 /* Build configuration list for PBXNativeTarget "QuickRemindUITests" */;
			buildPhases = (
				3E6F14FA2E3F84890048C7B0 /* Sources */,
				3E6F14FB2E3F84890048C7B0 /* Frameworks */,
				3E6F14FC2E3F84890048C7B0 /* Resources */,
			);
			buildRules = (
			);
			dependencies = (
				3E6F15002E3F84890048C7B0 /* PBXTargetDependency */,
			);
			fileSystemSynchronizedGroups = (
				3E6F15012E3F84890048C7B0 /* QuickRemindUITests */,
			);
			name = QuickRemindUITests;
			packageProductDependencies = (
			);
			productName = QuickRemindUITests;
			productReference = 3E6F14FE2E3F84890048C7B0 /* QuickRemindUITests.xctest */;
			productType = "com.apple.product-type.bundle.ui-testing";
		};
/* End PBXNativeTarget section */

/* Begin PBXProject section */
		3E6F14DF2E3F84860048C7B0 /* Project object */ = {
			isa = PBXProject;
			attributes = {
				BuildIndependentTargetsInParallel = 1;
				LastSwiftUpdateCheck = 1640;
				LastUpgradeCheck = 1640;
				TargetAttributes = {
					3E6F14E62E3F84860048C7B0 = {
						CreatedOnToolsVersion = 16.4;
					};
					3E6F14F32E3F84890048C7B0 = {
						CreatedOnToolsVersion = 16.4;
						TestTargetID = 3E6F14E62E3F84860048C7B0;
					};
					3E6F14FD2E3F84890048C7B0 = {
						CreatedOnToolsVersion = 16.4;
						TestTargetID = 3E6F14E62E3F84860048C7B0;
					};
				};
			};
			buildConfigurationList = 3E6F14E22E3F84860048C7B0 /* Build configuration list for PBXProject "QuickRemind" */;
			developmentRegion = ja;
			hasScannedForEncodings = 0;
			knownRegions = (
				en,
				Base,
				ja,
			);
			mainGroup = 3E6F14DE2E3F84860048C7B0;
			minimizedProjectReferenceProxies = 1;
			preferredProjectObjectVersion = 77;
			productRefGroup = 3E6F14E82E3F84860048C7B0 /* Products */;
			projectDirPath = "";
			projectRoot = "";
			targets = (
				3E6F14E62E3F84860048C7B0 /* QuickRemind */,
				3E6F14F32E3F84890048C7B0 /* QuickRemindTests */,
				3E6F14FD2E3F84890048C7B0 /* QuickRemindUITests */,
			);
		};
/* End PBXProject section */

/* Begin PBXResourcesBuildPhase section */
		3E6F14E52E3F84860048C7B0 /* Resources */ = {
			isa = PBXResourcesBuildPhase;
			buildActionMask = 2147483647;
			files = (
			);
			runOnlyForDeploymentPostprocessing = 0;
		};
		3E6F14F22E3F84890048C7B0 /* Resources */ = {
			isa = PBXResourcesBuildPhase;
			buildActionMask = 2147483647;
			files = (
			);
			runOnlyForDeploymentPostprocessing = 0;
		};
		3E6F14FC2E3F84890048C7B0 /* Resources */ = {
			isa = PBXResourcesBuildPhase;
			buildActionMask = 2147483647;
			files = (
			);
			runOnlyForDeploymentPostprocessing = 0;
		};
/* End PBXResourcesBuildPhase section */

/* Begin PBXSourcesBuildPhase section */
		3E6F14E32E3F84860048C7B0 /* Sources */ = {
			isa = PBXSourcesBuildPhase;
			buildActionMask = 2147483647;
			files = (
			);
			runOnlyForDeploymentPostprocessing = 0;
		};
		3E6F14F02E3F84890048C7B0 /* Sources */ = {
			isa = PBXSourcesBuildPhase;
			buildActionMask = 2147483647;
			files = (
			);
			runOnlyForDeploymentPostprocessing = 0;
		};
		3E6F14FA2E3F84890048C7B0 /* Sources */ = {
			isa = PBXSourcesBuildPhase;
			buildActionMask = 2147483647;
			files = (
			);
			runOnlyForDeploymentPostprocessing = 0;
		};
/* End PBXSourcesBuildPhase section */

/* Begin PBXTargetDependency section */
		3E6F14F62E3F84890048C7B0 /* PBXTargetDependency */ = {
			isa = PBXTargetDependency;
			target = 3E6F14E62E3F84860048C7B0 /* QuickRemind */;
			targetProxy = 3E6F14F52E3F84890048C7B0 /* PBXContainerItemProxy */;
		};
		3E6F15002E3F84890048C7B0 /* PBXTargetDependency */ = {
			isa = PBXTargetDependency;
			target = 3E6F14E62E3F84860048C7B0 /* QuickRemind */;
			targetProxy = 3E6F14FF2E3F84890048C7B0 /* PBXContainerItemProxy */;
		};
/* End PBXTargetDependency section */

/* Begin XCBuildConfiguration section */
		3E6F15062E3F84890048C7B0 /* Debug */ = {
			isa = XCBuildConfiguration;
			buildSettings = {
				ALWAYS_SEARCH_USER_PATHS = NO;
				ASSETCATALOG_COMPILER_GENERATE_SWIFT_ASSET_SYMBOL_EXTENSIONS = YES;
				CLANG_ANALYZER_NONNULL = YES;
				CLANG_ANALYZER_NUMBER_OBJECT_CONVERSION = YES_AGGRESSIVE;
				CLANG_CXX_LANGUAGE_STANDARD = "gnu++20";
				CLANG_ENABLE_MODULES = YES;
				CLANG_ENABLE_OBJC_ARC = YES;
				CLANG_ENABLE_OBJC_WEAK = YES;
				CLANG_WARN_BLOCK_CAPTURE_AUTORELEASING = YES;
				CLANG_WARN_BOOL_CONVERSION = YES;
				CLANG_WARN_COMMA = YES;
				CLANG_WARN_CONSTANT_CONVERSION = YES;
				CLANG_WARN_DEPRECATED_OBJC_IMPLEMENTATIONS = YES;
				CLANG_WARN_DIRECT_OBJC_ISA_USAGE = YES_ERROR;
				CLANG_WARN_DOCUMENTATION_COMMENTS = YES;
				CLANG_WARN_EMPTY_BODY = YES;
				CLANG_WARN_ENUM_CONVERSION = YES;
				CLANG_WARN_INFINITE_RECURSION = YES;
				CLANG_WARN_INT_CONVERSION = YES;
				CLANG_WARN_NON_LITERAL_NULL_CONVERSION = YES;
				CLANG_WARN_OBJC_IMPLICIT_RETAIN_SELF = YES;
				CLANG_WARN_OBJC_LITERAL_CONVERSION = YES;
				CLANG_WARN_OBJC_ROOT_CLASS = YES_ERROR;
				CLANG_WARN_QUOTED_INCLUDE_IN_FRAMEWORK_HEADER = YES;
				CLANG_WARN_RANGE_LOOP_ANALYSIS = YES;
				CLANG_WARN_STRICT_PROTOTYPES = YES;
				CLANG_WARN_SUSPICIOUS_MOVE = YES;
				CLANG_WARN_UNGUARDED_AVAILABILITY = YES_AGGRESSIVE;
				CLANG_WARN_UNREACHABLE_CODE = YES;
				CLANG_WARN__DUPLICATE_METHOD_MATCH = YES;
				COPY_PHASE_STRIP = NO;
				DEBUG_INFORMATION_FORMAT = dwarf;
				DEVELOPMENT_TEAM = "$(DEV_TEAM_ID)";
				ENABLE_STRICT_OBJC_MSGSEND = YES;
				ENABLE_TESTABILITY = YES;
				ENABLE_USER_SCRIPT_SANDBOXING = YES;
				GCC_C_LANGUAGE_STANDARD = gnu17;
				GCC_DYNAMIC_NO_PIC = NO;
				GCC_NO_COMMON_BLOCKS = YES;
				GCC_OPTIMIZATION_LEVEL = 0;
				GCC_PREPROCESSOR_DEFINITIONS = (
					"DEBUG=1",
					"$(inherited)",
				);
				GCC_WARN_64_TO_32_BIT_CONVERSION = YES;
				GCC_WARN_ABOUT_RETURN_TYPE = YES_ERROR;
				GCC_WARN_UNDECLARED_SELECTOR = YES;
				GCC_WARN_UNINITIALIZED_AUTOS = YES_AGGRESSIVE;
				GCC_WARN_UNUSED_FUNCTION = YES;
				GCC_WARN_UNUSED_VARIABLE = YES;
				IPHONEOS_DEPLOYMENT_TARGET = 18.5;
				LOCALIZATION_PREFERS_STRING_CATALOGS = YES;
				MTL_ENABLE_DEBUG_INFO = INCLUDE_SOURCE;
				MTL_FAST_MATH = YES;
				ONLY_ACTIVE_ARCH = YES;
				SDKROOT = iphoneos;
				SWIFT_ACTIVE_COMPILATION_CONDITIONS = "DEBUG $(inherited)";
				SWIFT_OPTIMIZATION_LEVEL = "-Onone";
			};
			name = Debug;
		};
		3E6F15072E3F84890048C7B0 /* Release */ = {
			isa = XCBuildConfiguration;
			buildSettings = {
				ALWAYS_SEARCH_USER_PATHS = NO;
				ASSETCATALOG_COMPILER_GENERATE_SWIFT_ASSET_SYMBOL_EXTENSIONS = YES;
				CLANG_ANALYZER_NONNULL = YES;
				CLANG_ANALYZER_NUMBER_OBJECT_CONVERSION = YES_AGGRESSIVE;
				CLANG_CXX_LANGUAGE_STANDARD = "gnu++20";
				CLANG_ENABLE_MODULES = YES;
				CLANG_ENABLE_OBJC_ARC = YES;
				CLANG_ENABLE_OBJC_WEAK = YES;
				CLANG_WARN_BLOCK_CAPTURE_AUTORELEASING = YES;
				CLANG_WARN_BOOL_CONVERSION = YES;
				CLANG_WARN_COMMA = YES;
				CLANG_WARN_CONSTANT_CONVERSION = YES;
				CLANG_WARN_DEPRECATED_OBJC_IMPLEMENTATIONS = YES;
				CLANG_WARN_DIRECT_OBJC_ISA_USAGE = YES_ERROR;
				CLANG_WARN_DOCUMENTATION_COMMENTS = YES;
				CLANG_WARN_EMPTY_BODY = YES;
				CLANG_WARN_ENUM_CONVERSION = YES;
				CLANG_WARN_INFINITE_RECURSION = YES;
				CLANG_WARN_INT_CONVERSION = YES;
				CLANG_WARN_NON_LITERAL_NULL_CONVERSION = YES;
				CLANG_WARN_OBJC_IMPLICIT_RETAIN_SELF = YES;
				CLANG_WARN_OBJC_LITERAL_CONVERSION = YES;
				CLANG_WARN_OBJC_ROOT_CLASS = YES_ERROR;
				CLANG_WARN_QUOTED_INCLUDE_IN_FRAMEWORK_HEADER = YES;
				CLANG_WARN_RANGE_LOOP_ANALYSIS = YES;
				CLANG_WARN_STRICT_PROTOTYPES = YES;
				CLANG_WARN_SUSPICIOUS_MOVE = YES;
				CLANG_WARN_UNGUARDED_AVAILABILITY = YES_AGGRESSIVE;
				CLANG_WARN_UNREACHABLE_CODE = YES;
				CLANG_WARN__DUPLICATE_METHOD_MATCH = YES;
				COPY_PHASE_STRIP = NO;
				DEBUG_INFORMATION_FORMAT = "dwarf-with-dsym";
				DEVELOPMENT_TEAM = "$(DEV_TEAM_ID)";
				ENABLE_NS_ASSERTIONS = NO;
				ENABLE_STRICT_OBJC_MSGSEND = YES;
				ENABLE_USER_SCRIPT_SANDBOXING = YES;
				GCC_C_LANGUAGE_STANDARD = gnu17;
				GCC_NO_COMMON_BLOCKS = YES;
				GCC_WARN_64_TO_32_BIT_CONVERSION = YES;
				GCC_WARN_ABOUT_RETURN_TYPE = YES_ERROR;
				GCC_WARN_UNDECLARED_SELECTOR = YES;
				GCC_WARN_UNINITIALIZED_AUTOS = YES_AGGRESSIVE;
				GCC_WARN_UNUSED_FUNCTION = YES;
				GCC_WARN_UNUSED_VARIABLE = YES;
				IPHONEOS_DEPLOYMENT_TARGET = 18.5;
				LOCALIZATION_PREFERS_STRING_CATALOGS = YES;
				MTL_ENABLE_DEBUG_INFO = NO;
				MTL_FAST_MATH = YES;
				SDKROOT = iphoneos;
				SWIFT_COMPILATION_MODE = wholemodule;
				VALIDATE_PRODUCT = YES;
			};
			name = Release;
		};
		3E6F15092E3F84890048C7B0 /* Debug */ = {
			isa = XCBuildConfiguration;
			buildSettings = {
				ASSETCATALOG_COMPILER_APPICON_NAME = AppIcon;
				ASSETCATALOG_COMPILER_GLOBAL_ACCENT_COLOR_NAME = AccentColor;
				CODE_SIGN_STYLE = Automatic;
				CURRENT_PROJECT_VERSION = 1;
				DEVELOPMENT_TEAM = KG5CW5DRCQ;
				ENABLE_PREVIEWS = YES;
				GENERATE_INFOPLIST_FILE = YES;
				INFOPLIST_FILE = QuickRemind/Info.plist;
				INFOPLIST_KEY_CFBundleDisplayName = QuickRemind;
				INFOPLIST_KEY_LSApplicationCategoryType = "public.app-category.utilities";
				INFOPLIST_KEY_NSCalendarsUsageDescription = "リマインダーをカレンダーに追加するために使用します。";
				INFOPLIST_KEY_UIApplicationSceneManifest_Generation = YES;
				INFOPLIST_KEY_UIApplicationSupportsIndirectInputEvents = YES;
				INFOPLIST_KEY_UILaunchScreen_Generation = YES;
				INFOPLIST_KEY_UIStatusBarStyle = "";
				INFOPLIST_KEY_UISupportedInterfaceOrientations = "UIInterfaceOrientationLandscapeLeft UIInterfaceOrientationLandscapeRight UIInterfaceOrientationPortrait";
				IPHONEOS_DEPLOYMENT_TARGET = 15.6;
				LD_RUNPATH_SEARCH_PATHS = (
					"$(inherited)",
					"@executable_path/Frameworks",
				);
				MARKETING_VERSION = 1.0.2;
				PRODUCT_BUNDLE_IDENTIFIER = com.shimokawa.quickremind.QuickRemind;
				PRODUCT_NAME = "$(TARGET_NAME)";
				SUPPORTED_PLATFORMS = "iphoneos iphonesimulator";
				SUPPORTS_MACCATALYST = NO;
				SUPPORTS_MAC_DESIGNED_FOR_IPHONE_IPAD = NO;
				SUPPORTS_XR_DESIGNED_FOR_IPHONE_IPAD = NO;
				SWIFT_EMIT_LOC_STRINGS = YES;
				SWIFT_VERSION = 5.0;
				TARGETED_DEVICE_FAMILY = 1;
				baseConfigurationReference = 3E6F159E2E45E2CA0048C7B0;
			};
			name = Debug;
		};
		3E6F150A2E3F84890048C7B0 /* Release */ = {
			isa = XCBuildConfiguration;
			baseConfigurationReference = 3E6F159E2E45E2CA0048C7B0 /* Config.xcconfig */;
			buildSettings = {
				ASSETCATALOG_COMPILER_APPICON_NAME = AppIcon;
				ASSETCATALOG_COMPILER_GLOBAL_ACCENT_COLOR_NAME = AccentColor;
				CODE_SIGN_STYLE = Automatic;
				CURRENT_PROJECT_VERSION = 1;
				DEVELOPMENT_TEAM = KG5CW5DRCQ;
				ENABLE_PREVIEWS = YES;
				GENERATE_INFOPLIST_FILE = YES;
				INFOPLIST_FILE = QuickRemind/Info.plist;
				INFOPLIST_KEY_CFBundleDisplayName = QuickRemind;
				INFOPLIST_KEY_LSApplicationCategoryType = "public.app-category.utilities";
				INFOPLIST_KEY_NSCalendarsUsageDescription = "リマインダーをカレンダーに追加するために使用します。";
				INFOPLIST_KEY_UIApplicationSceneManifest_Generation = YES;
				INFOPLIST_KEY_UIApplicationSupportsIndirectInputEvents = YES;
				INFOPLIST_KEY_UILaunchScreen_Generation = YES;
				INFOPLIST_KEY_UIStatusBarStyle = "";
				INFOPLIST_KEY_UISupportedInterfaceOrientations = "UIInterfaceOrientationLandscapeLeft UIInterfaceOrientationLandscapeRight UIInterfaceOrientationPortrait";
				IPHONEOS_DEPLOYMENT_TARGET = 15.6;
				LD_RUNPATH_SEARCH_PATHS = (
					"$(inherited)",
					"@executable_path/Frameworks",
				);
				MARKETING_VERSION = 1.0.2;
				PRODUCT_BUNDLE_IDENTIFIER = com.shimokawa.quickremind.QuickRemind;
				PRODUCT_NAME = "$(TARGET_NAME)";
				SUPPORTED_PLATFORMS = "iphoneos iphonesimulator";
				SUPPORTS_MACCATALYST = NO;
				SUPPORTS_MAC_DESIGNED_FOR_IPHONE_IPAD = NO;
				SUPPORTS_XR_DESIGNED_FOR_IPHONE_IPAD = NO;
				SWIFT_EMIT_LOC_STRINGS = YES;
				SWIFT_VERSION = 5.0;
				TARGETED_DEVICE_FAMILY = 1;
			};
			name = Release;
		};
		3E6F150C2E3F84890048C7B0 /* Debug */ = {
			isa = XCBuildConfiguration;
			buildSettings = {
				BUNDLE_LOADER = "$(TEST_HOST)";
				CODE_SIGN_STYLE = Automatic;
				CURRENT_PROJECT_VERSION = 1;
				DEVELOPMENT_TEAM = "$(DEV_TEAM_ID)";
				GENERATE_INFOPLIST_FILE = YES;
				IPHONEOS_DEPLOYMENT_TARGET = 18.5;
				MARKETING_VERSION = 1.0;
				PRODUCT_BUNDLE_IDENTIFIER = com.shimokawa.quickremind.QuickRemindTests;
				PRODUCT_NAME = "$(TARGET_NAME)";
				SWIFT_EMIT_LOC_STRINGS = NO;
				SWIFT_VERSION = 5.0;
				TARGETED_DEVICE_FAMILY = "1,2";
				TEST_HOST = "$(BUILT_PRODUCTS_DIR)/QuickRemind.app/$(BUNDLE_EXECUTABLE_FOLDER_PATH)/QuickRemind";
			};
			name = Debug;
		};
		3E6F150D2E3F84890048C7B0 /* Release */ = {
			isa = XCBuildConfiguration;
			buildSettings = {
				BUNDLE_LOADER = "$(TEST_HOST)";
				CODE_SIGN_STYLE = Automatic;
				CURRENT_PROJECT_VERSION = 1;
				DEVELOPMENT_TEAM = "$(DEV_TEAM_ID)";
				GENERATE_INFOPLIST_FILE = YES;
				IPHONEOS_DEPLOYMENT_TARGET = 18.5;
				MARKETING_VERSION = 1.0;
				PRODUCT_BUNDLE_IDENTIFIER = com.shimokawa.quickremind.QuickRemindTests;
				PRODUCT_NAME = "$(TARGET_NAME)";
				SWIFT_EMIT_LOC_STRINGS = NO;
				SWIFT_VERSION = 5.0;
				TARGETED_DEVICE_FAMILY = "1,2";
				TEST_HOST = "$(BUILT_PRODUCTS_DIR)/QuickRemind.app/$(BUNDLE_EXECUTABLE_FOLDER_PATH)/QuickRemind";
			};
			name = Release;
		};
		3E6F150F2E3F84890048C7B0 /* Debug */ = {
			isa = XCBuildConfiguration;
			buildSettings = {
				CODE_SIGN_STYLE = Automatic;
				CURRENT_PROJECT_VERSION = 1;
				DEVELOPMENT_TEAM = "$(DEV_TEAM_ID)";
				GENERATE_INFOPLIST_FILE = YES;
				MARKETING_VERSION = 1.0;
				PRODUCT_BUNDLE_IDENTIFIER = com.shimokawa.quickremind.QuickRemindUITests;
				PRODUCT_NAME = "$(TARGET_NAME)";
				SWIFT_EMIT_LOC_STRINGS = NO;
				SWIFT_VERSION = 5.0;
				TARGETED_DEVICE_FAMILY = "1,2";
				TEST_TARGET_NAME = QuickRemind;
			};
			name = Debug;
		};
		3E6F15102E3F84890048C7B0 /* Release */ = {
			isa = XCBuildConfiguration;
			buildSettings = {
				CODE_SIGN_STYLE = Automatic;
				CURRENT_PROJECT_VERSION = 1;
				DEVELOPMENT_TEAM = "$(DEV_TEAM_ID)";
				GENERATE_INFOPLIST_FILE = YES;
				MARKETING_VERSION = 1.0;
				PRODUCT_BUNDLE_IDENTIFIER = com.shimokawa.quickremind.QuickRemindUITests;
				PRODUCT_NAME = "$(TARGET_NAME)";
				SWIFT_EMIT_LOC_STRINGS = NO;
				SWIFT_VERSION = 5.0;
				TARGETED_DEVICE_FAMILY = "1,2";
				TEST_TARGET_NAME = QuickRemind;
			};
			name = Release;
		};
/* End XCBuildConfiguration section */

/* Begin XCConfigurationList section */
		3E6F14E22E3F84860048C7B0 /* Build configuration list for PBXProject "QuickRemind" */ = {
			isa = XCConfigurationList;
			buildConfigurations = (
				3E6F15062E3F84890048C7B0 /* Debug */,
				3E6F15072E3F84890048C7B0 /* Release */,
			);
			defaultConfigurationIsVisible = 0;
			defaultConfigurationName = Release;
		};
		3E6F15082E3F84890048C7B0 /* Build configuration list for PBXNativeTarget "QuickRemind" */ = {
			isa = XCConfigurationList;
			buildConfigurations = (
				3E6F15092E3F84890048C7B0 /* Debug */,
				3E6F150A2E3F84890048C7B0 /* Release */,
			);
			defaultConfigurationIsVisible = 0;
			defaultConfigurationName = Release;
		};
		3E6F150B2E3F84890048C7B0 /* Build configuration list for PBXNativeTarget "QuickRemindTests" */ = {
			isa = XCConfigurationList;
			buildConfigurations = (
				3E6F150C2E3F84890048C7B0 /* Debug */,
				3E6F150D2E3F84890048C7B0 /* Release */,
			);
			defaultConfigurationIsVisible = 0;
			defaultConfigurationName = Release;
		};
		3E6F150E2E3F84890048C7B0 /* Build configuration list for PBXNativeTarget "QuickRemindUITests" */ = {
			isa = XCConfigurationList;
			buildConfigurations = (
				3E6F150F2E3F84890048C7B0 /* Debug */,
				3E6F15102E3F84890048C7B0 /* Release */,
			);
			defaultConfigurationIsVisible = 0;
			defaultConfigurationName = Release;
		};
/* End XCConfigurationList section */
	};
	rootObject = 3E6F14DF2E3F84860048C7B0 /* Project object */;
}
